
Microsoft Visual Studio Solution File, Format Version 12.00
# Visual Studio Version 17
VisualStudioVersion = 17.5.002.0
MinimumVisualStudioVersion = 10.0.40219.1
Project("{9A19103F-16F7-4668-BE54-9A1E7A4F7556}") = "Eggnine.Rps.Core", "Eggnine.Rps.Core\Eggnine.Rps.Core.csproj", "{C50CB989-8C2C-49FB-8B2B-80BE4B3DCA42}"
EndProject
Project("{FAE04EC0-301F-11D3-BF4B-00C04F79EFBC}") = "Eggnine.Rps.Common", "Eggnine.Rps.Common\Eggnine.Rps.Common.csproj", "{4C0C5489-3E5A-413B-B020-B06328355BB1}"
EndProject
Project("{FAE04EC0-301F-11D3-BF4B-00C04F79EFBC}") = "Eggnine.Rps.Web", "Eggnine.Rps.Web\Eggnine.Rps.Web.csproj", "{5A8676AC-BC11-401A-82F4-DA38E1CCCE56}"
EndProject
Project("{FAE04EC0-301F-11D3-BF4B-00C04F79EFBC}") = "Eggnine.Rps.Core.Tests", "Eggnine.Rps.Core.Tests\Eggnine.Rps.Core.Tests.csproj", "{EBDEA223-E47E-4434-950E-BD8CBA076A3E}"
EndProject
Global
	GlobalSection(SolutionConfigurationPlatforms) = preSolution
		Debug|Any CPU = Debug|Any CPU
		Release|Any CPU = Release|Any CPU
	EndGlobalSection
	GlobalSection(ProjectConfigurationPlatforms) = postSolution
		{C50CB989-8C2C-49FB-8B2B-80BE4B3DCA42}.Debug|Any CPU.ActiveCfg = Debug|Any CPU
		{C50CB989-8C2C-49FB-8B2B-80BE4B3DCA42}.Debug|Any CPU.Build.0 = Debug|Any CPU
		{C50CB989-8C2C-49FB-8B2B-80BE4B3DCA42}.Release|Any CPU.ActiveCfg = Release|Any CPU
		{C50CB989-8C2C-49FB-8B2B-80BE4B3DCA42}.Release|Any CPU.Build.0 = Release|Any CPU
		{4C0C5489-3E5A-413B-B020-B06328355BB1}.Debug|Any CPU.ActiveCfg = Debug|Any CPU
		{4C0C5489-3E5A-413B-B020-B06328355BB1}.Debug|Any CPU.Build.0 = Debug|Any CPU
		{4C0C5489-3E5A-413B-B020-B06328355BB1}.Release|Any CPU.ActiveCfg = Release|Any CPU
		{4C0C5489-3E5A-413B-B020-B06328355BB1}.Release|Any CPU.Build.0 = Release|Any CPU
		{5A8676AC-BC11-401A-82F4-DA38E1CCCE56}.Debug|Any CPU.ActiveCfg = Debug|Any CPU
		{5A8676AC-BC11-401A-82F4-DA38E1CCCE56}.Debug|Any CPU.Build.0 = Debug|Any CPU
		{5A8676AC-BC11-401A-82F4-DA38E1CCCE56}.Release|Any CPU.ActiveCfg = Release|Any CPU
		{5A8676AC-BC11-401A-82F4-DA38E1CCCE56}.Release|Any CPU.Build.0 = Release|Any CPU
		{EBDEA223-E47E-4434-950E-BD8CBA076A3E}.Debug|Any CPU.ActiveCfg = Debug|Any CPU
		{EBDEA223-E47E-4434-950E-BD8CBA076A3E}.Debug|Any CPU.Build.0 = Debug|Any CPU
		{EBDEA223-E47E-4434-950E-BD8CBA076A3E}.Release|Any CPU.ActiveCfg = Release|Any CPU
		{EBDEA223-E47E-4434-950E-BD8CBA076A3E}.Release|Any CPU.Build.0 = Release|Any CPU
	EndGlobalSection
	GlobalSection(SolutionProperties) = preSolution
		HideSolutionNode = FALSE
	EndGlobalSection
	GlobalSection(ExtensibilityGlobals) = postSolution
		SolutionGuid = {2AB0E947-8D25-4ABD-A4A3-D98B2D84A44A}
	EndGlobalSection
EndGlobal
